// !$*UTF8*$!
{
	archiveVersion = 1;
	classes = {
	};
	objectVersion = 50;
	objects = {

/* Begin PBXBuildFile section */
		2510A2492472CBD600B9B9D0 /* icon.bundle in Resources */ = {isa = PBXBuildFile; fileRef = 2510A2482472CBD600B9B9D0 /* icon.bundle */; };
		2510A24D247418EE00B9B9D0 /* GTVideoViewController.m in Sources */ = {isa = PBXBuildFile; fileRef = 2510A24C247418EE00B9B9D0 /* GTVideoViewController.m */; };
		254E6C0E246D7D13000ACD97 /* AppDelegate.m in Sources */ = {isa = PBXBuildFile; fileRef = 254E6C0D246D7D13000ACD97 /* AppDelegate.m */; };
		254E6C11246D7D13000ACD97 /* GTNewsViewController.m in Sources */ = {isa = PBXBuildFile; fileRef = 254E6C10246D7D13000ACD97 /* GTNewsViewController.m */; };
		254E6C14246D7D13000ACD97 /* Main.storyboard in Resources */ = {isa = PBXBuildFile; fileRef = 254E6C12246D7D13000ACD97 /* Main.storyboard */; };
		254E6C16246D7D14000ACD97 /* Assets.xcassets in Resources */ = {isa = PBXBuildFile; fileRef = 254E6C15246D7D14000ACD97 /* Assets.xcassets */; };
		254E6C19246D7D14000ACD97 /* LaunchScreen.storyboard in Resources */ = {isa = PBXBuildFile; fileRef = 254E6C17246D7D14000ACD97 /* LaunchScreen.storyboard */; };
		254E6C1C246D7D14000ACD97 /* main.m in Sources */ = {isa = PBXBuildFile; fileRef = 254E6C1B246D7D14000ACD97 /* main.m */; };
		25504A022480B315001B42F2 /* GTListLoader.m in Sources */ = {isa = PBXBuildFile; fileRef = 25504A012480B315001B42F2 /* GTListLoader.m */; };
		2550CF6024755C22001C042D /* GTRecommendViewController.m in Sources */ = {isa = PBXBuildFile; fileRef = 2550CF5F24755C22001C042D /* GTRecommendViewController.m */; };
		2550CF6324756A92001C042D /* GTNormalTableViewCell.m in Sources */ = {isa = PBXBuildFile; fileRef = 2550CF6224756A92001C042D /* GTNormalTableViewCell.m */; };
		2550CF662476C6EC001C042D /* GTDeleteCellView.m in Sources */ = {isa = PBXBuildFile; fileRef = 2550CF652476C6EC001C042D /* GTDeleteCellView.m */; };
		258CEF9A247680190078CEAF /* GTDetailViewController.m in Sources */ = {isa = PBXBuildFile; fileRef = 258CEF99247680190078CEAF /* GTDetailViewController.m */; };
		8D8FB7603C739C14F232047B /* libPods-firstApp.a in Frameworks */ = {isa = PBXBuildFile; fileRef = BC728E7D47FC513B65B826DF /* libPods-firstApp.a */; };
/* End PBXBuildFile section */

/* Begin PBXFileReference section */
		2510A2482472CBD600B9B9D0 /* icon.bundle */ = {isa = PBXFileReference; lastKnownFileType = "wrapper.plug-in"; path = icon.bundle; sourceTree = "<group>"; };
		2510A24A2472D34700B9B9D0 /* PrefixHeader.pch */ = {isa = PBXFileReference; lastKnownFileType = sourcecode.c.h; path = PrefixHeader.pch; sourceTree = "<group>"; };
		2510A24B247418EE00B9B9D0 /* GTVideoViewController.h */ = {isa = PBXFileReference; lastKnownFileType = sourcecode.c.h; path = GTVideoViewController.h; sourceTree = "<group>"; };
		2510A24C247418EE00B9B9D0 /* GTVideoViewController.m */ = {isa = PBXFileReference; lastKnownFileType = sourcecode.c.objc; path = GTVideoViewController.m; sourceTree = "<group>"; };
		254E6C09246D7D13000ACD97 /* firstApp.app */ = {isa = PBXFileReference; explicitFileType = wrapper.application; includeInIndex = 0; path = firstApp.app; sourceTree = BUILT_PRODUCTS_DIR; };
		254E6C0C246D7D13000ACD97 /* AppDelegate.h */ = {isa = PBXFileReference; lastKnownFileType = sourcecode.c.h; path = AppDelegate.h; sourceTree = "<group>"; };
		254E6C0D246D7D13000ACD97 /* AppDelegate.m */ = {isa = PBXFileReference; lastKnownFileType = sourcecode.c.objc; path = AppDelegate.m; sourceTree = "<group>"; };
		254E6C0F246D7D13000ACD97 /* GTNewsViewController.h */ = {isa = PBXFileReference; lastKnownFileType = sourcecode.c.h; path = GTNewsViewController.h; sourceTree = "<group>"; };
		254E6C10246D7D13000ACD97 /* GTNewsViewController.m */ = {isa = PBXFileReference; lastKnownFileType = sourcecode.c.objc; path = GTNewsViewController.m; sourceTree = "<group>"; };
		254E6C13246D7D13000ACD97 /* Base */ = {isa = PBXFileReference; lastKnownFileType = file.storyboard; name = Base; path = Base.lproj/Main.storyboard; sourceTree = "<group>"; };
		254E6C15246D7D14000ACD97 /* Assets.xcassets */ = {isa = PBXFileReference; lastKnownFileType = folder.assetcatalog; path = Assets.xcassets; sourceTree = "<group>"; };
		254E6C18246D7D14000ACD97 /* Base */ = {isa = PBXFileReference; lastKnownFileType = file.storyboard; name = Base; path = Base.lproj/LaunchScreen.storyboard; sourceTree = "<group>"; };
		254E6C1A246D7D14000ACD97 /* Info.plist */ = {isa = PBXFileReference; lastKnownFileType = text.plist.xml; path = Info.plist; sourceTree = "<group>"; };
		254E6C1B246D7D14000ACD97 /* main.m */ = {isa = PBXFileReference; lastKnownFileType = sourcecode.c.objc; path = main.m; sourceTree = "<group>"; };
		25504A002480B315001B42F2 /* GTListLoader.h */ = {isa = PBXFileReference; lastKnownFileType = sourcecode.c.h; path = GTListLoader.h; sourceTree = "<group>"; };
		25504A012480B315001B42F2 /* GTListLoader.m */ = {isa = PBXFileReference; lastKnownFileType = sourcecode.c.objc; path = GTListLoader.m; sourceTree = "<group>"; };
		2550CF5E24755C22001C042D /* GTRecommendViewController.h */ = {isa = PBXFileReference; lastKnownFileType = sourcecode.c.h; path = GTRecommendViewController.h; sourceTree = "<group>"; };
		2550CF5F24755C22001C042D /* GTRecommendViewController.m */ = {isa = PBXFileReference; lastKnownFileType = sourcecode.c.objc; path = GTRecommendViewController.m; sourceTree = "<group>"; };
		2550CF6124756A92001C042D /* GTNormalTableViewCell.h */ = {isa = PBXFileReference; lastKnownFileType = sourcecode.c.h; path = GTNormalTableViewCell.h; sourceTree = "<group>"; };
		2550CF6224756A92001C042D /* GTNormalTableViewCell.m */ = {isa = PBXFileReference; lastKnownFileType = sourcecode.c.objc; path = GTNormalTableViewCell.m; sourceTree = "<group>"; };
		2550CF642476C6EC001C042D /* GTDeleteCellView.h */ = {isa = PBXFileReference; lastKnownFileType = sourcecode.c.h; path = GTDeleteCellView.h; sourceTree = "<group>"; };
		2550CF652476C6EC001C042D /* GTDeleteCellView.m */ = {isa = PBXFileReference; lastKnownFileType = sourcecode.c.objc; path = GTDeleteCellView.m; sourceTree = "<group>"; };
		258CEF98247680190078CEAF /* GTDetailViewController.h */ = {isa = PBXFileReference; lastKnownFileType = sourcecode.c.h; path = GTDetailViewController.h; sourceTree = "<group>"; };
		258CEF99247680190078CEAF /* GTDetailViewController.m */ = {isa = PBXFileReference; lastKnownFileType = sourcecode.c.objc; path = GTDetailViewController.m; sourceTree = "<group>"; };
		5A27088412D24D6FF257ABEE /* Pods-firstApp.debug.xcconfig */ = {isa = PBXFileReference; includeInIndex = 1; lastKnownFileType = text.xcconfig; name = "Pods-firstApp.debug.xcconfig"; path = "Target Support Files/Pods-firstApp/Pods-firstApp.debug.xcconfig"; sourceTree = "<group>"; };
		BC728E7D47FC513B65B826DF /* libPods-firstApp.a */ = {isa = PBXFileReference; explicitFileType = archive.ar; includeInIndex = 0; path = "libPods-firstApp.a"; sourceTree = BUILT_PRODUCTS_DIR; };
		D3C219101D867EFEFBF274D7 /* Pods-firstApp.release.xcconfig */ = {isa = PBXFileReference; includeInIndex = 1; lastKnownFileType = text.xcconfig; name = "Pods-firstApp.release.xcconfig"; path = "Target Support Files/Pods-firstApp/Pods-firstApp.release.xcconfig"; sourceTree = "<group>"; };
/* End PBXFileReference section */

/* Begin PBXFrameworksBuildPhase section */
		254E6C06246D7D13000ACD97 /* Frameworks */ = {
			isa = PBXFrameworksBuildPhase;
			buildActionMask = 2147483647;
			files = (
				8D8FB7603C739C14F232047B /* libPods-firstApp.a in Frameworks */,
			);
			runOnlyForDeploymentPostprocessing = 0;
		};
/* End PBXFrameworksBuildPhase section */

/* Begin PBXGroup section */
		254E6C00246D7D13000ACD97 = {
			isa = PBXGroup;
			children = (
				254E6C0B246D7D13000ACD97 /* firstApp */,
				254E6C0A246D7D13000ACD97 /* Products */,
				E7E091972F42C55AAD64A037 /* Pods */,
				C7B7F85B20CF1F5C294B7A62 /* Frameworks */,
			);
			sourceTree = "<group>";
		};
		254E6C0A246D7D13000ACD97 /* Products */ = {
			isa = PBXGroup;
			children = (
				254E6C09246D7D13000ACD97 /* firstApp.app */,
			);
			name = Products;
			sourceTree = "<group>";
		};
		254E6C0B246D7D13000ACD97 /* firstApp */ = {
			isa = PBXGroup;
			children = (
				255049FF2480B2F3001B42F2 /* loader */,
				2510A2482472CBD600B9B9D0 /* icon.bundle */,
				254E6C0C246D7D13000ACD97 /* AppDelegate.h */,
				254E6C0D246D7D13000ACD97 /* AppDelegate.m */,
				254E6C0F246D7D13000ACD97 /* GTNewsViewController.h */,
				254E6C10246D7D13000ACD97 /* GTNewsViewController.m */,
				254E6C12246D7D13000ACD97 /* Main.storyboard */,
				254E6C15246D7D14000ACD97 /* Assets.xcassets */,
				254E6C17246D7D14000ACD97 /* LaunchScreen.storyboard */,
				254E6C1A246D7D14000ACD97 /* Info.plist */,
				254E6C1B246D7D14000ACD97 /* main.m */,
				2510A24A2472D34700B9B9D0 /* PrefixHeader.pch */,
				2510A24B247418EE00B9B9D0 /* GTVideoViewController.h */,
				2510A24C247418EE00B9B9D0 /* GTVideoViewController.m */,
				2550CF5E24755C22001C042D /* GTRecommendViewController.h */,
				2550CF5F24755C22001C042D /* GTRecommendViewController.m */,
				2550CF6124756A92001C042D /* GTNormalTableViewCell.h */,
				2550CF6224756A92001C042D /* GTNormalTableViewCell.m */,
				258CEF98247680190078CEAF /* GTDetailViewController.h */,
				258CEF99247680190078CEAF /* GTDetailViewController.m */,
				2550CF642476C6EC001C042D /* GTDeleteCellView.h */,
				2550CF652476C6EC001C042D /* GTDeleteCellView.m */,
			);
			path = firstApp;
			sourceTree = "<group>";
		};
		255049FF2480B2F3001B42F2 /* loader */ = {
			isa = PBXGroup;
			children = (
				25504A002480B315001B42F2 /* GTListLoader.h */,
				25504A012480B315001B42F2 /* GTListLoader.m */,
			);
			path = loader;
			sourceTree = "<group>";
		};
		C7B7F85B20CF1F5C294B7A62 /* Frameworks */ = {
			isa = PBXGroup;
			children = (
				BC728E7D47FC513B65B826DF /* libPods-firstApp.a */,
			);
			name = Frameworks;
			sourceTree = "<group>";
		};
		E7E091972F42C55AAD64A037 /* Pods */ = {
			isa = PBXGroup;
			children = (
				5A27088412D24D6FF257ABEE /* Pods-firstApp.debug.xcconfig */,
				D3C219101D867EFEFBF274D7 /* Pods-firstApp.release.xcconfig */,
			);
			name = Pods;
			path = Pods;
			sourceTree = "<group>";
		};
/* End PBXGroup section */

/* Begin PBXNativeTarget section */
		254E6C08246D7D13000ACD97 /* firstApp */ = {
			isa = PBXNativeTarget;
			buildConfigurationList = 254E6C1F246D7D14000ACD97 /* Build configuration list for PBXNativeTarget "firstApp" */;
			buildPhases = (
				AE1BD03DC2035890807811FA /* [CP] Check Pods Manifest.lock */,
				254E6C05246D7D13000ACD97 /* Sources */,
				254E6C06246D7D13000ACD97 /* Frameworks */,
				254E6C07246D7D13000ACD97 /* Resources */,
			);
			buildRules = (
			);
			dependencies = (
			);
			name = firstApp;
			productName = firstApp;
			productReference = 254E6C09246D7D13000ACD97 /* firstApp.app */;
			productType = "com.apple.product-type.application";
		};
/* End PBXNativeTarget section */

/* Begin PBXProject section */
		254E6C01246D7D13000ACD97 /* Project object */ = {
			isa = PBXProject;
			attributes = {
				LastUpgradeCheck = 1020;
				ORGANIZATIONNAME = xavier;
				TargetAttributes = {
					254E6C08246D7D13000ACD97 = {
						CreatedOnToolsVersion = 10.2.1;
					};
				};
			};
			buildConfigurationList = 254E6C04246D7D13000ACD97 /* Build configuration list for PBXProject "firstApp" */;
			compatibilityVersion = "Xcode 9.3";
			developmentRegion = en;
			hasScannedForEncodings = 0;
			knownRegions = (
				en,
				Base,
			);
			mainGroup = 254E6C00246D7D13000ACD97;
			productRefGroup = 254E6C0A246D7D13000ACD97 /* Products */;
			projectDirPath = "";
			projectRoot = "";
			targets = (
				254E6C08246D7D13000ACD97 /* firstApp */,
			);
		};
/* End PBXProject section */

/* Begin PBXResourcesBuildPhase section */
		254E6C07246D7D13000ACD97 /* Resources */ = {
			isa = PBXResourcesBuildPhase;
			buildActionMask = 2147483647;
			files = (
				2510A2492472CBD600B9B9D0 /* icon.bundle in Resources */,
				254E6C19246D7D14000ACD97 /* LaunchScreen.storyboard in Resources */,
				254E6C16246D7D14000ACD97 /* Assets.xcassets in Resources */,
				254E6C14246D7D13000ACD97 /* Main.storyboard in Resources */,
			);
			runOnlyForDeploymentPostprocessing = 0;
		};
/* End PBXResourcesBuildPhase section */

/* Begin PBXShellScriptBuildPhase section */
		AE1BD03DC2035890807811FA /* [CP] Check Pods Manifest.lock */ = {
			isa = PBXShellScriptBuildPhase;
			buildActionMask = 2147483647;
			files = (
			);
			inputFileListPaths = (
			);
			inputPaths = (
				"${PODS_PODFILE_DIR_PATH}/Podfile.lock",
				"${PODS_ROOT}/Manifest.lock",
			);
			name = "[CP] Check Pods Manifest.lock";
			outputFileListPaths = (
			);
			outputPaths = (
				"$(DERIVED_FILE_DIR)/Pods-firstApp-checkManifestLockResult.txt",
			);
			runOnlyForDeploymentPostprocessing = 0;
			shellPath = /bin/sh;
			shellScript = "diff \"${PODS_PODFILE_DIR_PATH}/Podfile.lock\" \"${PODS_ROOT}/Manifest.lock\" > /dev/null\nif [ $? != 0 ] ; then\n    # print error to STDERR\n    echo \"error: The sandbox is not in sync with the Podfile.lock. Run 'pod install' or update your CocoaPods installation.\" >&2\n    exit 1\nfi\n# This output is used by Xcode 'outputs' to avoid re-running this script phase.\necho \"SUCCESS\" > \"${SCRIPT_OUTPUT_FILE_0}\"\n";
			showEnvVarsInLog = 0;
		};
/* End PBXShellScriptBuildPhase section */

/* Begin PBXSourcesBuildPhase section */
		254E6C05246D7D13000ACD97 /* Sources */ = {
			isa = PBXSourcesBuildPhase;
			buildActionMask = 2147483647;
			files = (
				254E6C11246D7D13000ACD97 /* GTNewsViewController.m in Sources */,
				254E6C1C246D7D14000ACD97 /* main.m in Sources */,
				254E6C0E246D7D13000ACD97 /* AppDelegate.m in Sources */,
				2550CF6324756A92001C042D /* GTNormalTableViewCell.m in Sources */,
				25504A022480B315001B42F2 /* GTListLoader.m in Sources */,
				258CEF9A247680190078CEAF /* GTDetailViewController.m in Sources */,
				2550CF6024755C22001C042D /* GTRecommendViewController.m in Sources */,
				2550CF662476C6EC001C042D /* GTDeleteCellView.m in Sources */,
				2510A24D247418EE00B9B9D0 /* GTVideoViewController.m in Sources */,
			);
			runOnlyForDeploymentPostprocessing = 0;
		};
/* End PBXSourcesBuildPhase section */

/* Begin PBXVariantGroup section */
		254E6C12246D7D13000ACD97 /* Main.storyboard */ = {
			isa = PBXVariantGroup;
			children = (
				254E6C13246D7D13000ACD97 /* Base */,
			);
			name = Main.storyboard;
			sourceTree = "<group>";
		};
		254E6C17246D7D14000ACD97 /* LaunchScreen.storyboard */ = {
			isa = PBXVariantGroup;
			children = (
				254E6C18246D7D14000ACD97 /* Base */,
			);
			name = LaunchScreen.storyboard;
			sourceTree = "<group>";
		};
/* End PBXVariantGroup section */

/* Begin XCBuildConfiguration section */
		254E6C1D246D7D14000ACD97 /* Debug */ = {
			isa = XCBuildConfiguration;
			buildSettings = {
				ALWAYS_SEARCH_USER_PATHS = NO;
				CLANG_ANALYZER_NONNULL = YES;
				CLANG_ANALYZER_NUMBER_OBJECT_CONVERSION = YES_AGGRESSIVE;
				CLANG_CXX_LANGUAGE_STANDARD = "gnu++14";
				CLANG_CXX_LIBRARY = "libc++";
				CLANG_ENABLE_MODULES = YES;
				CLANG_ENABLE_OBJC_ARC = YES;
				CLANG_ENABLE_OBJC_WEAK = YES;
				CLANG_WARN_BLOCK_CAPTURE_AUTORELEASING = YES;
				CLANG_WARN_BOOL_CONVERSION = YES;
				CLANG_WARN_COMMA = YES;
				CLANG_WARN_CONSTANT_CONVERSION = YES;
				CLANG_WARN_DEPRECATED_OBJC_IMPLEMENTATIONS = YES;
				CLANG_WARN_DIRECT_OBJC_ISA_USAGE = YES_ERROR;
				CLANG_WARN_DOCUMENTATION_COMMENTS = YES;
				CLANG_WARN_EMPTY_BODY = YES;
				CLANG_WARN_ENUM_CONVERSION = YES;
				CLANG_WARN_INFINITE_RECURSION = YES;
				CLANG_WARN_INT_CONVERSION = YES;
				CLANG_WARN_NON_LITERAL_NULL_CONVERSION = YES;
				CLANG_WARN_OBJC_IMPLICIT_RETAIN_SELF = YES;
				CLANG_WARN_OBJC_LITERAL_CONVERSION = YES;
				CLANG_WARN_OBJC_ROOT_CLASS = YES_ERROR;
				CLANG_WARN_RANGE_LOOP_ANALYSIS = YES;
				CLANG_WARN_STRICT_PROTOTYPES = YES;
				CLANG_WARN_SUSPICIOUS_MOVE = YES;
				CLANG_WARN_UNGUARDED_AVAILABILITY = YES_AGGRESSIVE;
				CLANG_WARN_UNREACHABLE_CODE = YES;
				CLANG_WARN__DUPLICATE_METHOD_MATCH = YES;
				CODE_SIGN_IDENTITY = "iPhone Developer";
				COPY_PHASE_STRIP = NO;
				DEBUG_INFORMATION_FORMAT = dwarf;
				ENABLE_STRICT_OBJC_MSGSEND = YES;
				ENABLE_TESTABILITY = YES;
				GCC_C_LANGUAGE_STANDARD = gnu11;
				GCC_DYNAMIC_NO_PIC = NO;
				GCC_NO_COMMON_BLOCKS = YES;
				GCC_OPTIMIZATION_LEVEL = 0;
				GCC_PREPROCESSOR_DEFINITIONS = (
					"DEBUG=1",
					"$(inherited)",
				);
				GCC_WARN_64_TO_32_BIT_CONVERSION = YES;
				GCC_WARN_ABOUT_RETURN_TYPE = YES_ERROR;
				GCC_WARN_UNDECLARED_SELECTOR = YES;
				GCC_WARN_UNINITIALIZED_AUTOS = YES_AGGRESSIVE;
				GCC_WARN_UNUSED_FUNCTION = YES;
				GCC_WARN_UNUSED_VARIABLE = YES;
				IPHONEOS_DEPLOYMENT_TARGET = 12.2;
				MTL_ENABLE_DEBUG_INFO = INCLUDE_SOURCE;
				MTL_FAST_MATH = YES;
				ONLY_ACTIVE_ARCH = YES;
				SDKROOT = iphoneos;
			};
			name = Debug;
		};
		254E6C1E246D7D14000ACD97 /* Release */ = {
			isa = XCBuildConfiguration;
			buildSettings = {
				ALWAYS_SEARCH_USER_PATHS = NO;
				CLANG_ANALYZER_NONNULL = YES;
				CLANG_ANALYZER_NUMBER_OBJECT_CONVERSION = YES_AGGRESSIVE;
				CLANG_CXX_LANGUAGE_STANDARD = "gnu++14";
				CLANG_CXX_LIBRARY = "libc++";
				CLANG_ENABLE_MODULES = YES;
				CLANG_ENABLE_OBJC_ARC = YES;
				CLANG_ENABLE_OBJC_WEAK = YES;
				CLANG_WARN_BLOCK_CAPTURE_AUTORELEASING = YES;
				CLANG_WARN_BOOL_CONVERSION = YES;
				CLANG_WARN_COMMA = YES;
				CLANG_WARN_CONSTANT_CONVERSION = YES;
				CLANG_WARN_DEPRECATED_OBJC_IMPLEMENTATIONS = YES;
				CLANG_WARN_DIRECT_OBJC_ISA_USAGE = YES_ERROR;
				CLANG_WARN_DOCUMENTATION_COMMENTS = YES;
				CLANG_WARN_EMPTY_BODY = YES;
				CLANG_WARN_ENUM_CONVERSION = YES;
				CLANG_WARN_INFINITE_RECURSION = YES;
				CLANG_WARN_INT_CONVERSION = YES;
				CLANG_WARN_NON_LITERAL_NULL_CONVERSION = YES;
				CLANG_WARN_OBJC_IMPLICIT_RETAIN_SELF = YES;
				CLANG_WARN_OBJC_LITERAL_CONVERSION = YES;
				CLANG_WARN_OBJC_ROOT_CLASS = YES_ERROR;
				CLANG_WARN_RANGE_LOOP_ANALYSIS = YES;
				CLANG_WARN_STRICT_PROTOTYPES = YES;
				CLANG_WARN_SUSPICIOUS_MOVE = YES;
				CLANG_WARN_UNGUARDED_AVAILABILITY = YES_AGGRESSIVE;
				CLANG_WARN_UNREACHABLE_CODE = YES;
				CLANG_WARN__DUPLICATE_METHOD_MATCH = YES;
				CODE_SIGN_IDENTITY = "iPhone Developer";
				COPY_PHASE_STRIP = NO;
				DEBUG_INFORMATION_FORMAT = "dwarf-with-dsym";
				ENABLE_NS_ASSERTIONS = NO;
				ENABLE_STRICT_OBJC_MSGSEND = YES;
				GCC_C_LANGUAGE_STANDARD = gnu11;
				GCC_NO_COMMON_BLOCKS = YES;
				GCC_WARN_64_TO_32_BIT_CONVERSION = YES;
				GCC_WARN_ABOUT_RETURN_TYPE = YES_ERROR;
				GCC_WARN_UNDECLARED_SELECTOR = YES;
				GCC_WARN_UNINITIALIZED_AUTOS = YES_AGGRESSIVE;
				GCC_WARN_UNUSED_FUNCTION = YES;
				GCC_WARN_UNUSED_VARIABLE = YES;
				IPHONEOS_DEPLOYMENT_TARGET = 12.2;
				MTL_ENABLE_DEBUG_INFO = NO;
				MTL_FAST_MATH = YES;
				SDKROOT = iphoneos;
				VALIDATE_PRODUCT = YES;
			};
			name = Release;
		};
		254E6C20246D7D14000ACD97 /* Debug */ = {
			isa = XCBuildConfiguration;
			baseConfigurationReference = 5A27088412D24D6FF257ABEE /* Pods-firstApp.debug.xcconfig */;
			buildSettings = {
				ASSETCATALOG_COMPILER_APPICON_NAME = AppIcon;
				CODE_SIGN_STYLE = Automatic;
				DEVELOPMENT_TEAM = PAZR4747K7;
				GCC_PRECOMPILE_PREFIX_HEADER = YES;
				GCC_PREFIX_HEADER = "$(SRCROOT)/firstApp/PrefixHeader.pch";
				INFOPLIST_FILE = firstApp/Info.plist;
				LD_RUNPATH_SEARCH_PATHS = (
					"$(inherited)",
					"@executable_path/Frameworks",
				);
				PRODUCT_BUNDLE_IDENTIFIER = com.xavier.firstApp;
				PRODUCT_NAME = "$(TARGET_NAME)";
				TARGETED_DEVICE_FAMILY = "1,2";
			};
			name = Debug;
		};
		254E6C21246D7D14000ACD97 /* Release */ = {
			isa = XCBuildConfiguration;
			baseConfigurationReference = D3C219101D867EFEFBF274D7 /* Pods-firstApp.release.xcconfig */;
			buildSettings = {
				ASSETCATALOG_COMPILER_APPICON_NAME = AppIcon;
				CODE_SIGN_STYLE = Automatic;
				DEVELOPMENT_TEAM = PAZR4747K7;
				GCC_PRECOMPILE_PREFIX_HEADER = YES;
				GCC_PREFIX_HEADER = "$(SRCROOT)/firstApp/PrefixHeader.pch";
				INFOPLIST_FILE = firstApp/Info.plist;
				LD_RUNPATH_SEARCH_PATHS = (
					"$(inherited)",
					"@executable_path/Frameworks",
				);
				PRODUCT_BUNDLE_IDENTIFIER = com.xavier.firstApp;
				PRODUCT_NAME = "$(TARGET_NAME)";
				TARGETED_DEVICE_FAMILY = "1,2";
			};
			name = Release;
		};
/* End XCBuildConfiguration section */

/* Begin XCConfigurationList section */
		254E6C04246D7D13000ACD97 /* Build configuration list for PBXProject "firstApp" */ = {
			isa = XCConfigurationList;
			buildConfigurations = (
				254E6C1D246D7D14000ACD97 /* Debug */,
				254E6C1E246D7D14000ACD97 /* Release */,
			);
			defaultConfigurationIsVisible = 0;
			defaultConfigurationName = Release;
		};
		254E6C1F246D7D14000ACD97 /* Build configuration list for PBXNativeTarget "firstApp" */ = {
			isa = XCConfigurationList;
			buildConfigurations = (
				254E6C20246D7D14000ACD97 /* Debug */,
				254E6C21246D7D14000ACD97 /* Release */,
			);
			defaultConfigurationIsVisible = 0;
			defaultConfigurationName = Release;
		};
/* End XCConfigurationList section */
	};
	rootObject = 254E6C01246D7D13000ACD97 /* Project object */;
}
